
Microsoft Visual Studio Solution File, Format Version 12.00
# Visual Studio 15
VisualStudioVersion = 15.0.28307.645
MinimumVisualStudioVersion = 10.0.40219.1
Project("{FAE04EC0-301F-11D3-BF4B-00C04F79EFBC}") = "NFLScoreBoard", "NFLScoreBoard\NFLScoreBoard.csproj", "{55A60CCB-F8F3-4D58-B4C5-5DD6E536E843}"
EndProject
Global
	GlobalSection(SolutionConfigurationPlatforms) = preSolution
		Debug|Any CPU = Debug|Any CPU
		Release|Any CPU = Release|Any CPU
	EndGlobalSection
	GlobalSection(ProjectConfigurationPlatforms) = postSolution
		{55A60CCB-F8F3-4D58-B4C5-5DD6E536E843}.Debug|Any CPU.ActiveCfg = Debug|Any CPU
		{55A60CCB-F8F3-4D58-B4C5-5DD6E536E843}.Debug|Any CPU.Build.0 = Debug|Any CPU
		{55A60CCB-F8F3-4D58-B4C5-5DD6E536E843}.Release|Any CPU.ActiveCfg = Release|Any CPU
		{55A60CCB-F8F3-4D58-B4C5-5DD6E536E843}.Release|Any CPU.Build.0 = Release|Any CPU
	EndGlobalSection
	GlobalSection(SolutionProperties) = preSolution
		HideSolutionNode = FALSE
	EndGlobalSection
	GlobalSection(ExtensibilityGlobals) = postSolution
		SolutionGuid = {EA9720E1-BC95-40C3-A95C-5CBBE99351B6}
	EndGlobalSection
EndGlobal
